$id: https://snavesutit.github.io/origins-mod-schemas/
title: Block Action
description: |-
  Block Action Types operate an action at a selected block or set of blocks. These are available to power/action types that provides a block_action object field.
  Type: 'origins:add_block'
  - Adds a block at the specified action position. Adding means setting the block at the position, offset by the direction of the action.
type: object
required:
  - block
properties:
  block:
    description: The namespace and ID of the block to place.
    type: string
