$id: https://snavesutit.github.io/origins-mod-schemas/
type: object
required:
  - type
  - block
properties:
  type:
    description: |-
      $namespace:$fileName
      does nothing.
      $parentDescription
    markdownDescription: |-
      ### `$namespace:$fileName`
      does nothing.
      $parentDescription
    enum:
      - $namespace:$fileName
      - origins:$fileName

  block:
    description: The namespace and ID of the block to place.
    $ref: ../../types/identifier.json
