$id: https://snavesutit.github.io/origins-mod-schemas/
type: object
required:
  - type
  - block_condition
properties:
  type:
    description: |-
      $namespace:$fileName
      Checks whether a block that fulfills the specified Block Condition Type is overlapping with the entity's feet.
      $parentDescription
    markdownDescription: |-
      ### `$namespace:$fileName`
      Checks whether a block that fulfills the specified Block Condition Type is overlapping with the entity's feet.
      $parentDescription
    enum:
      - $namespace:$fileName
      - origins:$fileName

  block_condition:
    description: The block condition type to check for on the block that is overlapping with the entity's feet.
    $ref: ../../block_condition.json
