$id: https://snavesutit.github.io/origins-mod-schemas/
type: object
required:
  - type
properties:
  type:
    description: |-
      $namespace:$fileName
      Checks if a block underneath the entity's feet fulfills the specified Block Condition Type.
      $parentDescription
    markdownDescription: |-
      ### `$namespace:$fileName`
      Checks if a block underneath the entity's feet fulfills the specified Block Condition Type.
      $parentDescription
    enum:
      - $namespace:$fileName
      - origins:$fileName

  block_condition:
    description: |-
      If specified, the condition will evaluate to true if the block underneath the entity's feet fulfills the specified block condition type.
      Otherwise, only check if the entity is on the ground.
    $ref: ../../block_condition.json
