$id: https://snavesutit.github.io/origins-mod-schemas/
type: object
required:
  - type
  - block
properties:
  type:
    description: |-
      $namespace:$fileName
      Adds a block at the specified action position. Adding means setting the block at the position, offset by the direction of the action.
      $parentDescription
    markdownDescription: |-
      ### `$namespace:$fileName`
      Adds a block at the specified action position. Adding means setting the block at the position, offset by the direction of the action.
      $parentDescription
    enum:
      - $namespace:$fileName
      - origins:$fileName

  block:
    description: The namespace and ID of the block to place.
    type: string
