$id: https://snavesutit.github.io/origins-mod-schemas/
type: object
required:
  - type
  - block
properties:
  type:
    description: |-
      $namespace:$fileName
      Checks whether the block is a certain block (by ID).
      $parentDescription
    markdownDescription: |-
      ### `$namespace:$fileName`
      Checks whether the block is a certain block (by ID).
      $parentDescription
    enum:
      - $namespace:$fileName
      - origins:$fileName

  block:
    description: The namespace and ID of the block that this block needs to be to pass the check.
    $ref: ../../types/identifier.json
